
Microsoft Visual Studio Solution File, Format Version 12.00
Project("{FAE04EC0-301F-11D3-BF4B-00C04F79EFBC}") = "AkkaPlayground", "AkkaPlayground\AkkaPlayground.csproj", "{155CD443-3F0A-42AA-B849-2DBB99AD8FEA}"
EndProject
Global
	GlobalSection(SolutionConfigurationPlatforms) = preSolution
		Debug|Any CPU = Debug|Any CPU
		Release|Any CPU = Release|Any CPU
	EndGlobalSection
	GlobalSection(ProjectConfigurationPlatforms) = postSolution
		{155CD443-3F0A-42AA-B849-2DBB99AD8FEA}.Debug|Any CPU.ActiveCfg = Debug|Any CPU
		{155CD443-3F0A-42AA-B849-2DBB99AD8FEA}.Debug|Any CPU.Build.0 = Debug|Any CPU
		{155CD443-3F0A-42AA-B849-2DBB99AD8FEA}.Release|Any CPU.ActiveCfg = Release|Any CPU
		{155CD443-3F0A-42AA-B849-2DBB99AD8FEA}.Release|Any CPU.Build.0 = Release|Any CPU
	EndGlobalSection
EndGlobal
